github.com/atotto/clipboard v0.1.4 h1:EH0zSVneZPSuFR11BlR9YppQTVDbh5+16AmcJi4g1z4=
github.com/atotto/clipboard v0.1.4/go.mod h1:ZY9tmq7sm5xIbd9bOK4onWV4S6X0u6GY7Vn0Yu86PYI=
golang.org/x/exp v0.0.0-20231006140011-7918f672742d h1:jtJma62tbqLibJ5sFQz8bKtEM8rJBtfilJ2qTU199MI=
golang.org/x/exp v0.0.0-20231006140011-7918f672742d/go.mod h1:ldy0pHrwJyGW56pPQzzkH36rKxoZW1tw7ZJpeKx+hdo=
k8s.io/apimachinery v0.28.3 h1:B1wYx8txOaCQG0HmYF6nbpU8dg6HvA06x5tEffvOe7A=
k8s.io/apimachinery v0.28.3/go.mod h1:uQTKmIqs+rAYaq+DFaoD2X7pcjLOqbQX2AOiO0nIpb8=
